
Microsoft Visual Studio Solution File, Format Version 12.00
# Visual Studio 14
VisualStudioVersion = 14.0.23107.0
MinimumVisualStudioVersion = 10.0.40219.1
Project("{FAE04EC0-301F-11D3-BF4B-00C04F79EFBC}") = "Lazzor.Web.Client", "Lazzor.Web.Client\Lazzor.Web.Client.csproj", "{9230C0A0-B676-4EEA-ACF9-B1A20CBD4723}"
EndProject
Project("{FAE04EC0-301F-11D3-BF4B-00C04F79EFBC}") = "Lazzor.Web.Server", "Lazzor.Web.Server\Lazzor.Web.Server.csproj", "{C068CE6A-CBC5-4F07-BAA2-5F66A75E7B8C}"
EndProject
Project("{FAE04EC0-301F-11D3-BF4B-00C04F79EFBC}") = "Lazzor.Data", "Lazzor.Data\Lazzor.Data.csproj", "{65D1441B-B0D1-49C3-9013-2EB550DEA11F}"
EndProject
Global
	GlobalSection(SolutionConfigurationPlatforms) = preSolution
		Debug|Any CPU = Debug|Any CPU
		Release|Any CPU = Release|Any CPU
	EndGlobalSection
	GlobalSection(ProjectConfigurationPlatforms) = postSolution
		{9230C0A0-B676-4EEA-ACF9-B1A20CBD4723}.Debug|Any CPU.ActiveCfg = Debug|Any CPU
		{9230C0A0-B676-4EEA-ACF9-B1A20CBD4723}.Debug|Any CPU.Build.0 = Debug|Any CPU
		{9230C0A0-B676-4EEA-ACF9-B1A20CBD4723}.Release|Any CPU.ActiveCfg = Release|Any CPU
		{9230C0A0-B676-4EEA-ACF9-B1A20CBD4723}.Release|Any CPU.Build.0 = Release|Any CPU
		{C068CE6A-CBC5-4F07-BAA2-5F66A75E7B8C}.Debug|Any CPU.ActiveCfg = Debug|Any CPU
		{C068CE6A-CBC5-4F07-BAA2-5F66A75E7B8C}.Debug|Any CPU.Build.0 = Debug|Any CPU
		{C068CE6A-CBC5-4F07-BAA2-5F66A75E7B8C}.Release|Any CPU.ActiveCfg = Release|Any CPU
		{C068CE6A-CBC5-4F07-BAA2-5F66A75E7B8C}.Release|Any CPU.Build.0 = Release|Any CPU
		{65D1441B-B0D1-49C3-9013-2EB550DEA11F}.Debug|Any CPU.ActiveCfg = Debug|Any CPU
		{65D1441B-B0D1-49C3-9013-2EB550DEA11F}.Debug|Any CPU.Build.0 = Debug|Any CPU
		{65D1441B-B0D1-49C3-9013-2EB550DEA11F}.Release|Any CPU.ActiveCfg = Release|Any CPU
		{65D1441B-B0D1-49C3-9013-2EB550DEA11F}.Release|Any CPU.Build.0 = Release|Any CPU
	EndGlobalSection
	GlobalSection(SolutionProperties) = preSolution
		HideSolutionNode = FALSE
	EndGlobalSection
EndGlobal
